hash: 1f45c3a8dca6a50f5a4b937062e418c5c7c85ad8613c7202cb42cc449c66b9e4
updated: 2018-06-30T09:12:44.651572329+08:00
imports:
- name: git.apache.org/thrift.git
  version: 327ebb6c2b6df8bf075da02ef45a2a034e9b79ba
  subpackages:
  - lib/go/thrift
  - lib/go/thrift/...
- name: github.com/fatih/structs
  version: a720dfa8df582c51dee1b36feabb906bde1588bd
- name: github.com/gin-contrib/cors
  version: cf4846e6a636a76237a28d9286f163c132e841bc
- name: github.com/gin-contrib/sse
  version: 22d885f9ecc78bf4ee5d72b937e4bbcdc58e8cae
- name: github.com/gin-gonic/gin
  version: eb9f313144e6768d91421855810ed5937ce348c5
  subpackages:
  - binding
  - json
  - render
- name: github.com/go-redis/redis
  version: 83fb42932f6145ce52df09860384a4653d2d332a
  subpackages:
  - internal
  - internal/consistenthash
  - internal/hashtag
  - internal/pool
  - internal/proto
  - internal/singleflight
  - internal/util
- name: github.com/go-sql-driver/mysql
  version: d523deb1b23d913de5bdada721a6071e71283618
- name: github.com/go-xorm/builder
  version: bad0a612f0d6277b953910822ab5dfb30dd18237
- name: github.com/go-xorm/core
  version: c10e21e7e1cec20e09398f2dfae385e58c8df555
- name: github.com/go-xorm/xorm
  version: d85bb4911c725a53b135fc12862748a41b6c07da
- name: github.com/golang/protobuf
  version: 9eb2c01ac278a5d89ce4b2be68fe4500955d8179
  subpackages:
  - proto
- name: github.com/gorilla/websocket
  version: ea4d1f681babbce9545c9c5f3d5194a789c89f5b
- name: github.com/influxdata/influxdb
  version: 62ab18a0f43ee342b84debaaae5486b8b2d8682c
  subpackages:
  - client/v2
- name: github.com/json-iterator/go
  version: f2b4162afba35581b6d4a50d3b8f34e33c144682
- name: github.com/mattn/go-isatty
  version: 6ca4dbf54d38eea1a992b3c722a76a5d1c4cb25c
- name: github.com/modern-go/concurrent
  version: bacd9c7ef1dd9b15be4a9909b8ac7a4e313eec94
- name: github.com/modern-go/reflect2
  version: 58118c1ea9161250907268a484af4dd6ed314280
- name: github.com/ugorji/go
  version: 7d51bbe6161dcb8f32a1252c27668ce36e3ef16b
  subpackages:
  - codec
- name: go.uber.org/atomic
  version: 1ea20fb1cbb1cc08cbd0d913a96dead89aa18289
- name: go.uber.org/multierr
  version: 3c4937480c32f4c13a875a1829af76c98ca3d40a
- name: go.uber.org/zap
  version: eeedf312bc6c57391d84767a4cd413f02a917974
  subpackages:
  - atomic
  - buffer
  - internal/bufferpool
  - internal/color
  - internal/exit
  - zapcore
- name: golang.org/x/net
  version: 4cb1c02c05b0e749b0365f61ae859a8e0cfceed9
  subpackages:
  - context
- name: golang.org/x/sys
  version: 7138fd3d9dc8335c567ca206f4333fb75eb05d56
  subpackages:
  - unix
- name: google.golang.org/appengine
  version: b1f26356af11148e710935ed1ac8a7f5702c7612
  subpackages:
  - cloudsql
- name: gopkg.in/go-playground/validator.v8
  version: 5f1438d3fca68893a817e4a66806cea46a9e4ebf
- name: gopkg.in/olahol/melody.v1
  version: d521390733761fe1db13de575c253afd5c743085
- name: gopkg.in/yaml.v2
  version: 5420a8b6744d3b0345ab293f6fcba19c978f1183
testImports: []
